# This file was autogenerated by Stack.
# You should not edit this file by hand.
# For more information, please see the documentation at:
#   https://docs.haskellstack.org/en/stable/lock_files

packages:
- completed:
    pantry-tree:
      sha256: c03e74e71d010f009b8d972efc31fbd6dd25183e6d9afbec55f4b7f0d4a74b47
      size: 217
    hackage: hakyll-sass-0.2.4@sha256:4d2fbd8b63f5ef15483fc6dda09e10eefd63b4f873ad38dec2a3607eb504a8ba,939
  original:
    hackage: hakyll-sass-0.2.4@sha256:4d2fbd8b63f5ef15483fc6dda09e10eefd63b4f873ad38dec2a3607eb504a8ba,939
snapshots:
- completed:
    sha256: d4d7a4ac80485f3c21d0c6bfe5e7a21c3f71ca4fdfea022f98574047ebb58ebb
    size: 619158
    url: https://raw.githubusercontent.com/commercialhaskell/stackage-snapshots/master/lts/19/12.yaml
  original: lts-19.12
